// !$*UTF8*$!
{
	archiveVersion = 1;
	classes = {
	};
	objectVersion = 55;
	objects = {

/* Begin PBXBuildFile section */
		54F7932C27A8078F0031DFED /* AppDelegate.swift in Sources */ = {isa = PBXBuildFile; fileRef = 54F7932B27A8078F0031DFED /* AppDelegate.swift */; };
		54F7932E27A8078F0031DFED /* SceneDelegate.swift in Sources */ = {isa = PBXBuildFile; fileRef = 54F7932D27A8078F0031DFED /* SceneDelegate.swift */; };
		54F7933027A8078F0031DFED /* View_1VC.swift in Sources */ = {isa = PBXBuildFile; fileRef = 54F7932F27A8078F0031DFED /* View_1VC.swift */; };
		54F7933327A8078F0031DFED /* Main.storyboard in Resources */ = {isa = PBXBuildFile; fileRef = 54F7933127A8078F0031DFED /* Main.storyboard */; };
		54F7933527A807910031DFED /* Assets.xcassets in Resources */ = {isa = PBXBuildFile; fileRef = 54F7933427A807910031DFED /* Assets.xcassets */; };
		54F7933827A807910031DFED /* LaunchScreen.storyboard in Resources */ = {isa = PBXBuildFile; fileRef = 54F7933627A807910031DFED /* LaunchScreen.storyboard */; };
		54F7934127A808260031DFED /* View_2VC.swift in Sources */ = {isa = PBXBuildFile; fileRef = 54F7934027A808260031DFED /* View_2VC.swift */; };
		54F7934327A808400031DFED /* View_3VC.swift in Sources */ = {isa = PBXBuildFile; fileRef = 54F7934227A808400031DFED /* View_3VC.swift */; };
		54F7934627A80A0B0031DFED /* Coordinator.swift in Sources */ = {isa = PBXBuildFile; fileRef = 54F7934527A80A0B0031DFED /* Coordinator.swift */; };
		54F7934827A80A500031DFED /* MainCoordinator.swift in Sources */ = {isa = PBXBuildFile; fileRef = 54F7934727A80A500031DFED /* MainCoordinator.swift */; };
		54F7934A27A80ADC0031DFED /* CoordinatorController.swift in Sources */ = {isa = PBXBuildFile; fileRef = 54F7934927A80ADC0031DFED /* CoordinatorController.swift */; };
/* End PBXBuildFile section */

/* Begin PBXFileReference section */
		54F7932827A8078F0031DFED /* CoordinatorPattern.app */ = {isa = PBXFileReference; explicitFileType = wrapper.application; includeInIndex = 0; path = CoordinatorPattern.app; sourceTree = BUILT_PRODUCTS_DIR; };
		54F7932B27A8078F0031DFED /* AppDelegate.swift */ = {isa = PBXFileReference; lastKnownFileType = sourcecode.swift; path = AppDelegate.swift; sourceTree = "<group>"; };
		54F7932D27A8078F0031DFED /* SceneDelegate.swift */ = {isa = PBXFileReference; lastKnownFileType = sourcecode.swift; path = SceneDelegate.swift; sourceTree = "<group>"; };
		54F7932F27A8078F0031DFED /* View_1VC.swift */ = {isa = PBXFileReference; lastKnownFileType = sourcecode.swift; path = View_1VC.swift; sourceTree = "<group>"; };
		54F7933227A8078F0031DFED /* Base */ = {isa = PBXFileReference; lastKnownFileType = file.storyboard; name = Base; path = Base.lproj/Main.storyboard; sourceTree = "<group>"; };
		54F7933427A807910031DFED /* Assets.xcassets */ = {isa = PBXFileReference; lastKnownFileType = folder.assetcatalog; path = Assets.xcassets; sourceTree = "<group>"; };
		54F7933727A807910031DFED /* Base */ = {isa = PBXFileReference; lastKnownFileType = file.storyboard; name = Base; path = Base.lproj/LaunchScreen.storyboard; sourceTree = "<group>"; };
		54F7933927A807910031DFED /* Info.plist */ = {isa = PBXFileReference; lastKnownFileType = text.plist.xml; path = Info.plist; sourceTree = "<group>"; };
		54F7934027A808260031DFED /* View_2VC.swift */ = {isa = PBXFileReference; lastKnownFileType = sourcecode.swift; path = View_2VC.swift; sourceTree = "<group>"; };
		54F7934227A808400031DFED /* View_3VC.swift */ = {isa = PBXFileReference; lastKnownFileType = sourcecode.swift; path = View_3VC.swift; sourceTree = "<group>"; };
		54F7934527A80A0B0031DFED /* Coordinator.swift */ = {isa = PBXFileReference; lastKnownFileType = sourcecode.swift; path = Coordinator.swift; sourceTree = "<group>"; };
		54F7934727A80A500031DFED /* MainCoordinator.swift */ = {isa = PBXFileReference; lastKnownFileType = sourcecode.swift; path = MainCoordinator.swift; sourceTree = "<group>"; };
		54F7934927A80ADC0031DFED /* CoordinatorController.swift */ = {isa = PBXFileReference; lastKnownFileType = sourcecode.swift; path = CoordinatorController.swift; sourceTree = "<group>"; };
/* End PBXFileReference section */

/* Begin PBXFrameworksBuildPhase section */
		54F7932527A8078F0031DFED /* Frameworks */ = {
			isa = PBXFrameworksBuildPhase;
			buildActionMask = 2147483647;
			files = (
			);
			runOnlyForDeploymentPostprocessing = 0;
		};
/* End PBXFrameworksBuildPhase section */

/* Begin PBXGroup section */
		54F7931F27A8078F0031DFED = {
			isa = PBXGroup;
			children = (
				54F7932A27A8078F0031DFED /* CoordinatorPattern */,
				54F7932927A8078F0031DFED /* Products */,
			);
			sourceTree = "<group>";
		};
		54F7932927A8078F0031DFED /* Products */ = {
			isa = PBXGroup;
			children = (
				54F7932827A8078F0031DFED /* CoordinatorPattern.app */,
			);
			name = Products;
			sourceTree = "<group>";
		};
		54F7932A27A8078F0031DFED /* CoordinatorPattern */ = {
			isa = PBXGroup;
			children = (
				54F7934427A809FC0031DFED /* Coordinator */,
				54F7933F27A807B10031DFED /* ViewController */,
				54F7932B27A8078F0031DFED /* AppDelegate.swift */,
				54F7932D27A8078F0031DFED /* SceneDelegate.swift */,
				54F7933127A8078F0031DFED /* Main.storyboard */,
				54F7933427A807910031DFED /* Assets.xcassets */,
				54F7933627A807910031DFED /* LaunchScreen.storyboard */,
				54F7933927A807910031DFED /* Info.plist */,
			);
			path = CoordinatorPattern;
			sourceTree = "<group>";
		};
		54F7933F27A807B10031DFED /* ViewController */ = {
			isa = PBXGroup;
			children = (
				54F7932F27A8078F0031DFED /* View_1VC.swift */,
				54F7934027A808260031DFED /* View_2VC.swift */,
				54F7934227A808400031DFED /* View_3VC.swift */,
			);
			path = ViewController;
			sourceTree = "<group>";
		};
		54F7934427A809FC0031DFED /* Coordinator */ = {
			isa = PBXGroup;
			children = (
				54F7934527A80A0B0031DFED /* Coordinator.swift */,
				54F7934727A80A500031DFED /* MainCoordinator.swift */,
				54F7934927A80ADC0031DFED /* CoordinatorController.swift */,
			);
			path = Coordinator;
			sourceTree = "<group>";
		};
/* End PBXGroup section */

/* Begin PBXNativeTarget section */
		54F7932727A8078F0031DFED /* CoordinatorPattern */ = {
			isa = PBXNativeTarget;
			buildConfigurationList = 54F7933C27A807910031DFED /* Build configuration list for PBXNativeTarget "CoordinatorPattern" */;
			buildPhases = (
				54F7932427A8078F0031DFED /* Sources */,
				54F7932527A8078F0031DFED /* Frameworks */,
				54F7932627A8078F0031DFED /* Resources */,
			);
			buildRules = (
			);
			dependencies = (
			);
			name = CoordinatorPattern;
			productName = CoordinatorPattern;
			productReference = 54F7932827A8078F0031DFED /* CoordinatorPattern.app */;
			productType = "com.apple.product-type.application";
		};
/* End PBXNativeTarget section */

/* Begin PBXProject section */
		54F7932027A8078F0031DFED /* Project object */ = {
			isa = PBXProject;
			attributes = {
				BuildIndependentTargetsInParallel = 1;
				LastSwiftUpdateCheck = 1300;
				LastUpgradeCheck = 1300;
				TargetAttributes = {
					54F7932727A8078F0031DFED = {
						CreatedOnToolsVersion = 13.0;
					};
				};
			};
			buildConfigurationList = 54F7932327A8078F0031DFED /* Build configuration list for PBXProject "CoordinatorPattern" */;
			compatibilityVersion = "Xcode 13.0";
			developmentRegion = en;
			hasScannedForEncodings = 0;
			knownRegions = (
				en,
				Base,
			);
			mainGroup = 54F7931F27A8078F0031DFED;
			productRefGroup = 54F7932927A8078F0031DFED /* Products */;
			projectDirPath = "";
			projectRoot = "";
			targets = (
				54F7932727A8078F0031DFED /* CoordinatorPattern */,
			);
		};
/* End PBXProject section */

/* Begin PBXResourcesBuildPhase section */
		54F7932627A8078F0031DFED /* Resources */ = {
			isa = PBXResourcesBuildPhase;
			buildActionMask = 2147483647;
			files = (
				54F7933827A807910031DFED /* LaunchScreen.storyboard in Resources */,
				54F7933527A807910031DFED /* Assets.xcassets in Resources */,
				54F7933327A8078F0031DFED /* Main.storyboard in Resources */,
			);
			runOnlyForDeploymentPostprocessing = 0;
		};
/* End PBXResourcesBuildPhase section */

/* Begin PBXSourcesBuildPhase section */
		54F7932427A8078F0031DFED /* Sources */ = {
			isa = PBXSourcesBuildPhase;
			buildActionMask = 2147483647;
			files = (
				54F7933027A8078F0031DFED /* View_1VC.swift in Sources */,
				54F7934827A80A500031DFED /* MainCoordinator.swift in Sources */,
				54F7932C27A8078F0031DFED /* AppDelegate.swift in Sources */,
				54F7934627A80A0B0031DFED /* Coordinator.swift in Sources */,
				54F7934127A808260031DFED /* View_2VC.swift in Sources */,
				54F7934327A808400031DFED /* View_3VC.swift in Sources */,
				54F7934A27A80ADC0031DFED /* CoordinatorController.swift in Sources */,
				54F7932E27A8078F0031DFED /* SceneDelegate.swift in Sources */,
			);
			runOnlyForDeploymentPostprocessing = 0;
		};
/* End PBXSourcesBuildPhase section */

/* Begin PBXVariantGroup section */
		54F7933127A8078F0031DFED /* Main.storyboard */ = {
			isa = PBXVariantGroup;
			children = (
				54F7933227A8078F0031DFED /* Base */,
			);
			name = Main.storyboard;
			sourceTree = "<group>";
		};
		54F7933627A807910031DFED /* LaunchScreen.storyboard */ = {
			isa = PBXVariantGroup;
			children = (
				54F7933727A807910031DFED /* Base */,
			);
			name = LaunchScreen.storyboard;
			sourceTree = "<group>";
		};
/* End PBXVariantGroup section */

/* Begin XCBuildConfiguration section */
		54F7933A27A807910031DFED /* Debug */ = {
			isa = XCBuildConfiguration;
			buildSettings = {
				ALWAYS_SEARCH_USER_PATHS = NO;
				CLANG_ANALYZER_NONNULL = YES;
				CLANG_ANALYZER_NUMBER_OBJECT_CONVERSION = YES_AGGRESSIVE;
				CLANG_CXX_LANGUAGE_STANDARD = "gnu++17";
				CLANG_CXX_LIBRARY = "libc++";
				CLANG_ENABLE_MODULES = YES;
				CLANG_ENABLE_OBJC_ARC = YES;
				CLANG_ENABLE_OBJC_WEAK = YES;
				CLANG_WARN_BLOCK_CAPTURE_AUTORELEASING = YES;
				CLANG_WARN_BOOL_CONVERSION = YES;
				CLANG_WARN_COMMA = YES;
				CLANG_WARN_CONSTANT_CONVERSION = YES;
				CLANG_WARN_DEPRECATED_OBJC_IMPLEMENTATIONS = YES;
				CLANG_WARN_DIRECT_OBJC_ISA_USAGE = YES_ERROR;
				CLANG_WARN_DOCUMENTATION_COMMENTS = YES;
				CLANG_WARN_EMPTY_BODY = YES;
				CLANG_WARN_ENUM_CONVERSION = YES;
				CLANG_WARN_INFINITE_RECURSION = YES;
				CLANG_WARN_INT_CONVERSION = YES;
				CLANG_WARN_NON_LITERAL_NULL_CONVERSION = YES;
				CLANG_WARN_OBJC_IMPLICIT_RETAIN_SELF = YES;
				CLANG_WARN_OBJC_LITERAL_CONVERSION = YES;
				CLANG_WARN_OBJC_ROOT_CLASS = YES_ERROR;
				CLANG_WARN_QUOTED_INCLUDE_IN_FRAMEWORK_HEADER = YES;
				CLANG_WARN_RANGE_LOOP_ANALYSIS = YES;
				CLANG_WARN_STRICT_PROTOTYPES = YES;
				CLANG_WARN_SUSPICIOUS_MOVE = YES;
				CLANG_WARN_UNGUARDED_AVAILABILITY = YES_AGGRESSIVE;
				CLANG_WARN_UNREACHABLE_CODE = YES;
				CLANG_WARN__DUPLICATE_METHOD_MATCH = YES;
				COPY_PHASE_STRIP = NO;
				DEBUG_INFORMATION_FORMAT = dwarf;
				ENABLE_STRICT_OBJC_MSGSEND = YES;
				ENABLE_TESTABILITY = YES;
				GCC_C_LANGUAGE_STANDARD = gnu11;
				GCC_DYNAMIC_NO_PIC = NO;
				GCC_NO_COMMON_BLOCKS = YES;
				GCC_OPTIMIZATION_LEVEL = 0;
				GCC_PREPROCESSOR_DEFINITIONS = (
					"DEBUG=1",
					"$(inherited)",
				);
				GCC_WARN_64_TO_32_BIT_CONVERSION = YES;
				GCC_WARN_ABOUT_RETURN_TYPE = YES_ERROR;
				GCC_WARN_UNDECLARED_SELECTOR = YES;
				GCC_WARN_UNINITIALIZED_AUTOS = YES_AGGRESSIVE;
				GCC_WARN_UNUSED_FUNCTION = YES;
				GCC_WARN_UNUSED_VARIABLE = YES;
				IPHONEOS_DEPLOYMENT_TARGET = 15.0;
				MTL_ENABLE_DEBUG_INFO = INCLUDE_SOURCE;
				MTL_FAST_MATH = YES;
				ONLY_ACTIVE_ARCH = YES;
				SDKROOT = iphoneos;
				SWIFT_ACTIVE_COMPILATION_CONDITIONS = DEBUG;
				SWIFT_OPTIMIZATION_LEVEL = "-Onone";
			};
			name = Debug;
		};
		54F7933B27A807910031DFED /* Release */ = {
			isa = XCBuildConfiguration;
			buildSettings = {
				ALWAYS_SEARCH_USER_PATHS = NO;
				CLANG_ANALYZER_NONNULL = YES;
				CLANG_ANALYZER_NUMBER_OBJECT_CONVERSION = YES_AGGRESSIVE;
				CLANG_CXX_LANGUAGE_STANDARD = "gnu++17";
				CLANG_CXX_LIBRARY = "libc++";
				CLANG_ENABLE_MODULES = YES;
				CLANG_ENABLE_OBJC_ARC = YES;
				CLANG_ENABLE_OBJC_WEAK = YES;
				CLANG_WARN_BLOCK_CAPTURE_AUTORELEASING = YES;
				CLANG_WARN_BOOL_CONVERSION = YES;
				CLANG_WARN_COMMA = YES;
				CLANG_WARN_CONSTANT_CONVERSION = YES;
				CLANG_WARN_DEPRECATED_OBJC_IMPLEMENTATIONS = YES;
				CLANG_WARN_DIRECT_OBJC_ISA_USAGE = YES_ERROR;
				CLANG_WARN_DOCUMENTATION_COMMENTS = YES;
				CLANG_WARN_EMPTY_BODY = YES;
				CLANG_WARN_ENUM_CONVERSION = YES;
				CLANG_WARN_INFINITE_RECURSION = YES;
				CLANG_WARN_INT_CONVERSION = YES;
				CLANG_WARN_NON_LITERAL_NULL_CONVERSION = YES;
				CLANG_WARN_OBJC_IMPLICIT_RETAIN_SELF = YES;
				CLANG_WARN_OBJC_LITERAL_CONVERSION = YES;
				CLANG_WARN_OBJC_ROOT_CLASS = YES_ERROR;
				CLANG_WARN_QUOTED_INCLUDE_IN_FRAMEWORK_HEADER = YES;
				CLANG_WARN_RANGE_LOOP_ANALYSIS = YES;
				CLANG_WARN_STRICT_PROTOTYPES = YES;
				CLANG_WARN_SUSPICIOUS_MOVE = YES;
				CLANG_WARN_UNGUARDED_AVAILABILITY = YES_AGGRESSIVE;
				CLANG_WARN_UNREACHABLE_CODE = YES;
				CLANG_WARN__DUPLICATE_METHOD_MATCH = YES;
				COPY_PHASE_STRIP = NO;
				DEBUG_INFORMATION_FORMAT = "dwarf-with-dsym";
				ENABLE_NS_ASSERTIONS = NO;
				ENABLE_STRICT_OBJC_MSGSEND = YES;
				GCC_C_LANGUAGE_STANDARD = gnu11;
				GCC_NO_COMMON_BLOCKS = YES;
				GCC_WARN_64_TO_32_BIT_CONVERSION = YES;
				GCC_WARN_ABOUT_RETURN_TYPE = YES_ERROR;
				GCC_WARN_UNDECLARED_SELECTOR = YES;
				GCC_WARN_UNINITIALIZED_AUTOS = YES_AGGRESSIVE;
				GCC_WARN_UNUSED_FUNCTION = YES;
				GCC_WARN_UNUSED_VARIABLE = YES;
				IPHONEOS_DEPLOYMENT_TARGET = 15.0;
				MTL_ENABLE_DEBUG_INFO = NO;
				MTL_FAST_MATH = YES;
				SDKROOT = iphoneos;
				SWIFT_COMPILATION_MODE = wholemodule;
				SWIFT_OPTIMIZATION_LEVEL = "-O";
				VALIDATE_PRODUCT = YES;
			};
			name = Release;
		};
		54F7933D27A807910031DFED /* Debug */ = {
			isa = XCBuildConfiguration;
			buildSettings = {
				ASSETCATALOG_COMPILER_APPICON_NAME = AppIcon;
				ASSETCATALOG_COMPILER_GLOBAL_ACCENT_COLOR_NAME = AccentColor;
				CODE_SIGN_STYLE = Automatic;
				CURRENT_PROJECT_VERSION = 1;
				GENERATE_INFOPLIST_FILE = YES;
				INFOPLIST_FILE = CoordinatorPattern/Info.plist;
				INFOPLIST_KEY_UIApplicationSupportsIndirectInputEvents = YES;
				INFOPLIST_KEY_UILaunchStoryboardName = LaunchScreen;
				INFOPLIST_KEY_UISupportedInterfaceOrientations_iPad = "UIInterfaceOrientationPortrait UIInterfaceOrientationPortraitUpsideDown UIInterfaceOrientationLandscapeLeft UIInterfaceOrientationLandscapeRight";
				INFOPLIST_KEY_UISupportedInterfaceOrientations_iPhone = "UIInterfaceOrientationPortrait UIInterfaceOrientationLandscapeLeft UIInterfaceOrientationLandscapeRight";
				LD_RUNPATH_SEARCH_PATHS = (
					"$(inherited)",
					"@executable_path/Frameworks",
				);
				MARKETING_VERSION = 1.0;
				PRODUCT_BUNDLE_IDENTIFIER = Ratti.CoordinatorPattern;
				PRODUCT_NAME = "$(TARGET_NAME)";
				SWIFT_EMIT_LOC_STRINGS = YES;
				SWIFT_VERSION = 5.0;
				TARGETED_DEVICE_FAMILY = 1;
			};
			name = Debug;
		};
		54F7933E27A807910031DFED /* Release */ = {
			isa = XCBuildConfiguration;
			buildSettings = {
				ASSETCATALOG_COMPILER_APPICON_NAME = AppIcon;
				ASSETCATALOG_COMPILER_GLOBAL_ACCENT_COLOR_NAME = AccentColor;
				CODE_SIGN_STYLE = Automatic;
				CURRENT_PROJECT_VERSION = 1;
				GENERATE_INFOPLIST_FILE = YES;
				INFOPLIST_FILE = CoordinatorPattern/Info.plist;
				INFOPLIST_KEY_UIApplicationSupportsIndirectInputEvents = YES;
				INFOPLIST_KEY_UILaunchStoryboardName = LaunchScreen;
				INFOPLIST_KEY_UISupportedInterfaceOrientations_iPad = "UIInterfaceOrientationPortrait UIInterfaceOrientationPortraitUpsideDown UIInterfaceOrientationLandscapeLeft UIInterfaceOrientationLandscapeRight";
				INFOPLIST_KEY_UISupportedInterfaceOrientations_iPhone = "UIInterfaceOrientationPortrait UIInterfaceOrientationLandscapeLeft UIInterfaceOrientationLandscapeRight";
				LD_RUNPATH_SEARCH_PATHS = (
					"$(inherited)",
					"@executable_path/Frameworks",
				);
				MARKETING_VERSION = 1.0;
				PRODUCT_BUNDLE_IDENTIFIER = Ratti.CoordinatorPattern;
				PRODUCT_NAME = "$(TARGET_NAME)";
				SWIFT_EMIT_LOC_STRINGS = YES;
				SWIFT_VERSION = 5.0;
				TARGETED_DEVICE_FAMILY = 1;
			};
			name = Release;
		};
/* End XCBuildConfiguration section */

/* Begin XCConfigurationList section */
		54F7932327A8078F0031DFED /* Build configuration list for PBXProject "CoordinatorPattern" */ = {
			isa = XCConfigurationList;
			buildConfigurations = (
				54F7933A27A807910031DFED /* Debug */,
				54F7933B27A807910031DFED /* Release */,
			);
			defaultConfigurationIsVisible = 0;
			defaultConfigurationName = Release;
		};
		54F7933C27A807910031DFED /* Build configuration list for PBXNativeTarget "CoordinatorPattern" */ = {
			isa = XCConfigurationList;
			buildConfigurations = (
				54F7933D27A807910031DFED /* Debug */,
				54F7933E27A807910031DFED /* Release */,
			);
			defaultConfigurationIsVisible = 0;
			defaultConfigurationName = Release;
		};
/* End XCConfigurationList section */
	};
	rootObject = 54F7932027A8078F0031DFED /* Project object */;
}
